// !$*UTF8*$!
{
	archiveVersion = 1;
	classes = {
	};
	objectVersion = 77;
	objects = {

/* Begin PBXContainerItemProxy section */
		68DDCCEF2DD7BB3D00246176 /* PBXContainerItemProxy */ = {
			isa = PBXContainerItemProxy;
			containerPortal = 68DDCCD42DD7BB3B00246176 /* Project object */;
			proxyType = 1;
			remoteGlobalIDString = 68DDCCDB2DD7BB3B00246176;
			remoteInfo = GlucoHelp;
		};
		68DDCCF92DD7BB3D00246176 /* PBXContainerItemProxy */ = {
			isa = PBXContainerItemProxy;
			containerPortal = 68DDCCD42DD7BB3B00246176 /* Project object */;
			proxyType = 1;
			remoteGlobalIDString = 68DDCCDB2DD7BB3B00246176;
			remoteInfo = GlucoHelp;
		};
/* End PBXContainerItemProxy section */

/* Begin PBXFileReference section */
		68DDCCDC2DD7BB3B00246176 /* GlucoHelp.app */ = {isa = PBXFileReference; explicitFileType = wrapper.application; includeInIndex = 0; path = GlucoHelp.app; sourceTree = BUILT_PRODUCTS_DIR; };
		68DDCCEE2DD7BB3D00246176 /* GlucoHelpTests.xctest */ = {isa = PBXFileReference; explicitFileType = wrapper.cfbundle; includeInIndex = 0; path = GlucoHelpTests.xctest; sourceTree = BUILT_PRODUCTS_DIR; };
		68DDCCF82DD7BB3D00246176 /* GlucoHelpUITests.xctest */ = {isa = PBXFileReference; explicitFileType = wrapper.cfbundle; includeInIndex = 0; path = GlucoHelpUITests.xctest; sourceTree = BUILT_PRODUCTS_DIR; };
/* End PBXFileReference section */

/* Begin PBXFileSystemSynchronizedRootGroup section */
		68DDCCDE2DD7BB3B00246176 /* GlucoHelp */ = {
			isa = PBXFileSystemSynchronizedRootGroup;
			path = GlucoHelp;
			sourceTree = "<group>";
		};
		68DDCCF12DD7BB3D00246176 /* GlucoHelpTests */ = {
			isa = PBXFileSystemSynchronizedRootGroup;
			path = GlucoHelpTests;
			sourceTree = "<group>";
		};
		68DDCCFB2DD7BB3D00246176 /* GlucoHelpUITests */ = {
			isa = PBXFileSystemSynchronizedRootGroup;
			path = GlucoHelpUITests;
			sourceTree = "<group>";
		};
/* End PBXFileSystemSynchronizedRootGroup section */

/* Begin PBXFrameworksBuildPhase section */
		68DDCCD92DD7BB3B00246176 /* Frameworks */ = {
			isa = PBXFrameworksBuildPhase;
			buildActionMask = 2147483647;
			files = (
			);
			runOnlyForDeploymentPostprocessing = 0;
		};
		68DDCCEB2DD7BB3D00246176 /* Frameworks */ = {
			isa = PBXFrameworksBuildPhase;
			buildActionMask = 2147483647;
			files = (
			);
			runOnlyForDeploymentPostprocessing = 0;
		};
		68DDCCF52DD7BB3D00246176 /* Frameworks */ = {
			isa = PBXFrameworksBuildPhase;
			buildActionMask = 2147483647;
			files = (
			);
			runOnlyForDeploymentPostprocessing = 0;
		};
/* End PBXFrameworksBuildPhase section */

/* Begin PBXGroup section */
		68DDCCD32DD7BB3B00246176 = {
			isa = PBXGroup;
			children = (
				68DDCCDE2DD7BB3B00246176 /* GlucoHelp */,
				68DDCCF12DD7BB3D00246176 /* GlucoHelpTests */,
				68DDCCFB2DD7BB3D00246176 /* GlucoHelpUITests */,
				68DDCCDD2DD7BB3B00246176 /* Products */,
			);
			sourceTree = "<group>";
		};
		68DDCCDD2DD7BB3B00246176 /* Products */ = {
			isa = PBXGroup;
			children = (
				68DDCCDC2DD7BB3B00246176 /* GlucoHelp.app */,
				68DDCCEE2DD7BB3D00246176 /* GlucoHelpTests.xctest */,
				68DDCCF82DD7BB3D00246176 /* GlucoHelpUITests.xctest */,
			);
			name = Products;
			sourceTree = "<group>";
		};
/* End PBXGroup section */

/* Begin PBXNativeTarget section */
		68DDCCDB2DD7BB3B00246176 /* GlucoHelp */ = {
			isa = PBXNativeTarget;
			buildConfigurationList = 68DDCD022DD7BB3D00246176 /* Build configuration list for PBXNativeTarget "GlucoHelp" */;
			buildPhases = (
				68DDCCD82DD7BB3B00246176 /* Sources */,
				68DDCCD92DD7BB3B00246176 /* Frameworks */,
				68DDCCDA2DD7BB3B00246176 /* Resources */,
			);
			buildRules = (
			);
			dependencies = (
			);
			fileSystemSynchronizedGroups = (
				68DDCCDE2DD7BB3B00246176 /* GlucoHelp */,
			);
			name = GlucoHelp;
			packageProductDependencies = (
			);
			productName = GlucoHelp;
			productReference = 68DDCCDC2DD7BB3B00246176 /* GlucoHelp.app */;
			productType = "com.apple.product-type.application";
		};
		68DDCCED2DD7BB3D00246176 /* GlucoHelpTests */ = {
			isa = PBXNativeTarget;
			buildConfigurationList = 68DDCD052DD7BB3D00246176 /* Build configuration list for PBXNativeTarget "GlucoHelpTests" */;
			buildPhases = (
				68DDCCEA2DD7BB3D00246176 /* Sources */,
				68DDCCEB2DD7BB3D00246176 /* Frameworks */,
				68DDCCEC2DD7BB3D00246176 /* Resources */,
			);
			buildRules = (
			);
			dependencies = (
				68DDCCF02DD7BB3D00246176 /* PBXTargetDependency */,
			);
			fileSystemSynchronizedGroups = (
				68DDCCF12DD7BB3D00246176 /* GlucoHelpTests */,
			);
			name = GlucoHelpTests;
			packageProductDependencies = (
			);
			productName = GlucoHelpTests;
			productReference = 68DDCCEE2DD7BB3D00246176 /* GlucoHelpTests.xctest */;
			productType = "com.apple.product-type.bundle.unit-test";
		};
		68DDCCF72DD7BB3D00246176 /* GlucoHelpUITests */ = {
			isa = PBXNativeTarget;
			buildConfigurationList = 68DDCD082DD7BB3D00246176 /* Build configuration list for PBXNativeTarget "GlucoHelpUITests" */;
			buildPhases = (
				68DDCCF42DD7BB3D00246176 /* Sources */,
				68DDCCF52DD7BB3D00246176 /* Frameworks */,
				68DDCCF62DD7BB3D00246176 /* Resources */,
			);
			buildRules = (
			);
			dependencies = (
				68DDCCFA2DD7BB3D00246176 /* PBXTargetDependency */,
			);
			fileSystemSynchronizedGroups = (
				68DDCCFB2DD7BB3D00246176 /* GlucoHelpUITests */,
			);
			name = GlucoHelpUITests;
			packageProductDependencies = (
			);
			productName = GlucoHelpUITests;
			productReference = 68DDCCF82DD7BB3D00246176 /* GlucoHelpUITests.xctest */;
			productType = "com.apple.product-type.bundle.ui-testing";
		};
/* End PBXNativeTarget section */

/* Begin PBXProject section */
		68DDCCD42DD7BB3B00246176 /* Project object */ = {
			isa = PBXProject;
			attributes = {
				BuildIndependentTargetsInParallel = 1;
				LastSwiftUpdateCheck = 1620;
				LastUpgradeCheck = 1620;
				TargetAttributes = {
					68DDCCDB2DD7BB3B00246176 = {
						CreatedOnToolsVersion = 16.2;
					};
					68DDCCED2DD7BB3D00246176 = {
						CreatedOnToolsVersion = 16.2;
						TestTargetID = 68DDCCDB2DD7BB3B00246176;
					};
					68DDCCF72DD7BB3D00246176 = {
						CreatedOnToolsVersion = 16.2;
						TestTargetID = 68DDCCDB2DD7BB3B00246176;
					};
				};
			};
			buildConfigurationList = 68DDCCD72DD7BB3B00246176 /* Build configuration list for PBXProject "GlucoHelp" */;
			developmentRegion = en;
			hasScannedForEncodings = 0;
			knownRegions = (
				en,
				Base,
			);
			mainGroup = 68DDCCD32DD7BB3B00246176;
			minimizedProjectReferenceProxies = 1;
			preferredProjectObjectVersion = 77;
			productRefGroup = 68DDCCDD2DD7BB3B00246176 /* Products */;
			projectDirPath = "";
			projectRoot = "";
			targets = (
				68DDCCDB2DD7BB3B00246176 /* GlucoHelp */,
				68DDCCED2DD7BB3D00246176 /* GlucoHelpTests */,
				68DDCCF72DD7BB3D00246176 /* GlucoHelpUITests */,
			);
		};
/* End PBXProject section */

/* Begin PBXResourcesBuildPhase section */
		68DDCCDA2DD7BB3B00246176 /* Resources */ = {
			isa = PBXResourcesBuildPhase;
			buildActionMask = 2147483647;
			files = (
			);
			runOnlyForDeploymentPostprocessing = 0;
		};
		68DDCCEC2DD7BB3D00246176 /* Resources */ = {
			isa = PBXResourcesBuildPhase;
			buildActionMask = 2147483647;
			files = (
			);
			runOnlyForDeploymentPostprocessing = 0;
		};
		68DDCCF62DD7BB3D00246176 /* Resources */ = {
			isa = PBXResourcesBuildPhase;
			buildActionMask = 2147483647;
			files = (
			);
			runOnlyForDeploymentPostprocessing = 0;
		};
/* End PBXResourcesBuildPhase section */

/* Begin PBXSourcesBuildPhase section */
		68DDCCD82DD7BB3B00246176 /* Sources */ = {
			isa = PBXSourcesBuildPhase;
			buildActionMask = 2147483647;
			files = (
			);
			runOnlyForDeploymentPostprocessing = 0;
		};
		68DDCCEA2DD7BB3D00246176 /* Sources */ = {
			isa = PBXSourcesBuildPhase;
			buildActionMask = 2147483647;
			files = (
			);
			runOnlyForDeploymentPostprocessing = 0;
		};
		68DDCCF42DD7BB3D00246176 /* Sources */ = {
			isa = PBXSourcesBuildPhase;
			buildActionMask = 2147483647;
			files = (
			);
			runOnlyForDeploymentPostprocessing = 0;
		};
/* End PBXSourcesBuildPhase section */

/* Begin PBXTargetDependency section */
		68DDCCF02DD7BB3D00246176 /* PBXTargetDependency */ = {
			isa = PBXTargetDependency;
			target = 68DDCCDB2DD7BB3B00246176 /* GlucoHelp */;
			targetProxy = 68DDCCEF2DD7BB3D00246176 /* PBXContainerItemProxy */;
		};
		68DDCCFA2DD7BB3D00246176 /* PBXTargetDependency */ = {
			isa = PBXTargetDependency;
			target = 68DDCCDB2DD7BB3B00246176 /* GlucoHelp */;
			targetProxy = 68DDCCF92DD7BB3D00246176 /* PBXContainerItemProxy */;
		};
/* End PBXTargetDependency section */

/* Begin XCBuildConfiguration section */
		68DDCD002DD7BB3D00246176 /* Debug */ = {
			isa = XCBuildConfiguration;
			buildSettings = {
				ALWAYS_SEARCH_USER_PATHS = NO;
				ASSETCATALOG_COMPILER_GENERATE_SWIFT_ASSET_SYMBOL_EXTENSIONS = YES;
				CLANG_ANALYZER_NONNULL = YES;
				CLANG_ANALYZER_NUMBER_OBJECT_CONVERSION = YES_AGGRESSIVE;
				CLANG_CXX_LANGUAGE_STANDARD = "gnu++20";
				CLANG_ENABLE_MODULES = YES;
				CLANG_ENABLE_OBJC_ARC = YES;
				CLANG_ENABLE_OBJC_WEAK = YES;
				CLANG_WARN_BLOCK_CAPTURE_AUTORELEASING = YES;
				CLANG_WARN_BOOL_CONVERSION = YES;
				CLANG_WARN_COMMA = YES;
				CLANG_WARN_CONSTANT_CONVERSION = YES;
				CLANG_WARN_DEPRECATED_OBJC_IMPLEMENTATIONS = YES;
				CLANG_WARN_DIRECT_OBJC_ISA_USAGE = YES_ERROR;
				CLANG_WARN_DOCUMENTATION_COMMENTS = YES;
				CLANG_WARN_EMPTY_BODY = YES;
				CLANG_WARN_ENUM_CONVERSION = YES;
				CLANG_WARN_INFINITE_RECURSION = YES;
				CLANG_WARN_INT_CONVERSION = YES;
				CLANG_WARN_NON_LITERAL_NULL_CONVERSION = YES;
				CLANG_WARN_OBJC_IMPLICIT_RETAIN_SELF = YES;
				CLANG_WARN_OBJC_LITERAL_CONVERSION = YES;
				CLANG_WARN_OBJC_ROOT_CLASS = YES_ERROR;
				CLANG_WARN_QUOTED_INCLUDE_IN_FRAMEWORK_HEADER = YES;
				CLANG_WARN_RANGE_LOOP_ANALYSIS = YES;
				CLANG_WARN_STRICT_PROTOTYPES = YES;
				CLANG_WARN_SUSPICIOUS_MOVE = YES;
				CLANG_WARN_UNGUARDED_AVAILABILITY = YES_AGGRESSIVE;
				CLANG_WARN_UNREACHABLE_CODE = YES;
				CLANG_WARN__DUPLICATE_METHOD_MATCH = YES;
				COPY_PHASE_STRIP = NO;
				DEBUG_INFORMATION_FORMAT = dwarf;
				ENABLE_STRICT_OBJC_MSGSEND = YES;
				ENABLE_TESTABILITY = YES;
				ENABLE_USER_SCRIPT_SANDBOXING = YES;
				GCC_C_LANGUAGE_STANDARD = gnu17;
				GCC_DYNAMIC_NO_PIC = NO;
				GCC_NO_COMMON_BLOCKS = YES;
				GCC_OPTIMIZATION_LEVEL = 0;
				GCC_PREPROCESSOR_DEFINITIONS = (
					"DEBUG=1",
					"$(inherited)",
				);
				GCC_WARN_64_TO_32_BIT_CONVERSION = YES;
				GCC_WARN_ABOUT_RETURN_TYPE = YES_ERROR;
				GCC_WARN_UNDECLARED_SELECTOR = YES;
				GCC_WARN_UNINITIALIZED_AUTOS = YES_AGGRESSIVE;
				GCC_WARN_UNUSED_FUNCTION = YES;
				GCC_WARN_UNUSED_VARIABLE = YES;
				IPHONEOS_DEPLOYMENT_TARGET = 18.2;
				LOCALIZATION_PREFERS_STRING_CATALOGS = YES;
				MTL_ENABLE_DEBUG_INFO = INCLUDE_SOURCE;
				MTL_FAST_MATH = YES;
				ONLY_ACTIVE_ARCH = YES;
				SDKROOT = iphoneos;
				SWIFT_ACTIVE_COMPILATION_CONDITIONS = "DEBUG $(inherited)";
				SWIFT_OPTIMIZATION_LEVEL = "-Onone";
			};
			name = Debug;
		};
		68DDCD012DD7BB3D00246176 /* Release */ = {
			isa = XCBuildConfiguration;
			buildSettings = {
				ALWAYS_SEARCH_USER_PATHS = NO;
				ASSETCATALOG_COMPILER_GENERATE_SWIFT_ASSET_SYMBOL_EXTENSIONS = YES;
				CLANG_ANALYZER_NONNULL = YES;
				CLANG_ANALYZER_NUMBER_OBJECT_CONVERSION = YES_AGGRESSIVE;
				CLANG_CXX_LANGUAGE_STANDARD = "gnu++20";
				CLANG_ENABLE_MODULES = YES;
				CLANG_ENABLE_OBJC_ARC = YES;
				CLANG_ENABLE_OBJC_WEAK = YES;
				CLANG_WARN_BLOCK_CAPTURE_AUTORELEASING = YES;
				CLANG_WARN_BOOL_CONVERSION = YES;
				CLANG_WARN_COMMA = YES;
				CLANG_WARN_CONSTANT_CONVERSION = YES;
				CLANG_WARN_DEPRECATED_OBJC_IMPLEMENTATIONS = YES;
				CLANG_WARN_DIRECT_OBJC_ISA_USAGE = YES_ERROR;
				CLANG_WARN_DOCUMENTATION_COMMENTS = YES;
				CLANG_WARN_EMPTY_BODY = YES;
				CLANG_WARN_ENUM_CONVERSION = YES;
				CLANG_WARN_INFINITE_RECURSION = YES;
				CLANG_WARN_INT_CONVERSION = YES;
				CLANG_WARN_NON_LITERAL_NULL_CONVERSION = YES;
				CLANG_WARN_OBJC_IMPLICIT_RETAIN_SELF = YES;
				CLANG_WARN_OBJC_LITERAL_CONVERSION = YES;
				CLANG_WARN_OBJC_ROOT_CLASS = YES_ERROR;
				CLANG_WARN_QUOTED_INCLUDE_IN_FRAMEWORK_HEADER = YES;
				CLANG_WARN_RANGE_LOOP_ANALYSIS = YES;
				CLANG_WARN_STRICT_PROTOTYPES = YES;
				CLANG_WARN_SUSPICIOUS_MOVE = YES;
				CLANG_WARN_UNGUARDED_AVAILABILITY = YES_AGGRESSIVE;
				CLANG_WARN_UNREACHABLE_CODE = YES;
				CLANG_WARN__DUPLICATE_METHOD_MATCH = YES;
				COPY_PHASE_STRIP = NO;
				DEBUG_INFORMATION_FORMAT = "dwarf-with-dsym";
				ENABLE_NS_ASSERTIONS = NO;
				ENABLE_STRICT_OBJC_MSGSEND = YES;
				ENABLE_USER_SCRIPT_SANDBOXING = YES;
				GCC_C_LANGUAGE_STANDARD = gnu17;
				GCC_NO_COMMON_BLOCKS = YES;
				GCC_WARN_64_TO_32_BIT_CONVERSION = YES;
				GCC_WARN_ABOUT_RETURN_TYPE = YES_ERROR;
				GCC_WARN_UNDECLARED_SELECTOR = YES;
				GCC_WARN_UNINITIALIZED_AUTOS = YES_AGGRESSIVE;
				GCC_WARN_UNUSED_FUNCTION = YES;
				GCC_WARN_UNUSED_VARIABLE = YES;
				IPHONEOS_DEPLOYMENT_TARGET = 18.2;
				LOCALIZATION_PREFERS_STRING_CATALOGS = YES;
				MTL_ENABLE_DEBUG_INFO = NO;
				MTL_FAST_MATH = YES;
				SDKROOT = iphoneos;
				SWIFT_COMPILATION_MODE = wholemodule;
				VALIDATE_PRODUCT = YES;
			};
			name = Release;
		};
		68DDCD032DD7BB3D00246176 /* Debug */ = {
			isa = XCBuildConfiguration;
			buildSettings = {
				ASSETCATALOG_COMPILER_APPICON_NAME = AppIcon;
				ASSETCATALOG_COMPILER_GLOBAL_ACCENT_COLOR_NAME = AccentColor;
				CODE_SIGN_ENTITLEMENTS = GlucoHelp/GlucoHelp.entitlements;
				CODE_SIGN_STYLE = Automatic;
				CURRENT_PROJECT_VERSION = 1;
				DEVELOPMENT_ASSET_PATHS = "\"GlucoHelp/Preview Content\"";
				DEVELOPMENT_TEAM = B2XYVC9TQF;
				ENABLE_PREVIEWS = YES;
				GENERATE_INFOPLIST_FILE = YES;
				INFOPLIST_KEY_NSHealthShareUsageDescription = "We want to look at the data in there";
				INFOPLIST_KEY_NSHealthUpdateUsageDescription = "We want to update your healthkit with things";
				INFOPLIST_KEY_UIApplicationSceneManifest_Generation = YES;
				INFOPLIST_KEY_UIApplicationSupportsIndirectInputEvents = YES;
				INFOPLIST_KEY_UILaunchScreen_Generation = YES;
				INFOPLIST_KEY_UISupportedInterfaceOrientations_iPad = "UIInterfaceOrientationPortrait UIInterfaceOrientationPortraitUpsideDown UIInterfaceOrientationLandscapeLeft UIInterfaceOrientationLandscapeRight";
				INFOPLIST_KEY_UISupportedInterfaceOrientations_iPhone = "UIInterfaceOrientationPortrait UIInterfaceOrientationLandscapeLeft UIInterfaceOrientationLandscapeRight";
				LD_RUNPATH_SEARCH_PATHS = (
					"$(inherited)",
					"@executable_path/Frameworks",
				);
				MARKETING_VERSION = 1.0;
				PRODUCT_BUNDLE_IDENTIFIER = com.GlucoHelp;
				PRODUCT_NAME = "$(TARGET_NAME)";
				SWIFT_EMIT_LOC_STRINGS = YES;
				SWIFT_VERSION = 5.0;
				TARGETED_DEVICE_FAMILY = "1,2";
			};
			name = Debug;
		};
		68DDCD042DD7BB3D00246176 /* Release */ = {
			isa = XCBuildConfiguration;
			buildSettings = {
				ASSETCATALOG_COMPILER_APPICON_NAME = AppIcon;
				ASSETCATALOG_COMPILER_GLOBAL_ACCENT_COLOR_NAME = AccentColor;
				CODE_SIGN_ENTITLEMENTS = GlucoHelp/GlucoHelp.entitlements;
				CODE_SIGN_STYLE = Automatic;
				CURRENT_PROJECT_VERSION = 1;
				DEVELOPMENT_ASSET_PATHS = "\"GlucoHelp/Preview Content\"";
				DEVELOPMENT_TEAM = B2XYVC9TQF;
				ENABLE_PREVIEWS = YES;
				GENERATE_INFOPLIST_FILE = YES;
				INFOPLIST_KEY_NSHealthShareUsageDescription = "We want to look at the data in there";
				INFOPLIST_KEY_NSHealthUpdateUsageDescription = "We want to update your healthkit with things";
				INFOPLIST_KEY_UIApplicationSceneManifest_Generation = YES;
				INFOPLIST_KEY_UIApplicationSupportsIndirectInputEvents = YES;
				INFOPLIST_KEY_UILaunchScreen_Generation = YES;
				INFOPLIST_KEY_UISupportedInterfaceOrientations_iPad = "UIInterfaceOrientationPortrait UIInterfaceOrientationPortraitUpsideDown UIInterfaceOrientationLandscapeLeft UIInterfaceOrientationLandscapeRight";
				INFOPLIST_KEY_UISupportedInterfaceOrientations_iPhone = "UIInterfaceOrientationPortrait UIInterfaceOrientationLandscapeLeft UIInterfaceOrientationLandscapeRight";
				LD_RUNPATH_SEARCH_PATHS = (
					"$(inherited)",
					"@executable_path/Frameworks",
				);
				MARKETING_VERSION = 1.0;
				PRODUCT_BUNDLE_IDENTIFIER = com.GlucoHelp;
				PRODUCT_NAME = "$(TARGET_NAME)";
				SWIFT_EMIT_LOC_STRINGS = YES;
				SWIFT_VERSION = 5.0;
				TARGETED_DEVICE_FAMILY = "1,2";
			};
			name = Release;
		};
		68DDCD062DD7BB3D00246176 /* Debug */ = {
			isa = XCBuildConfiguration;
			buildSettings = {
				BUNDLE_LOADER = "$(TEST_HOST)";
				CODE_SIGN_STYLE = Automatic;
				CURRENT_PROJECT_VERSION = 1;
				DEVELOPMENT_TEAM = B2XYVC9TQF;
				GENERATE_INFOPLIST_FILE = YES;
				IPHONEOS_DEPLOYMENT_TARGET = 18.2;
				MARKETING_VERSION = 1.0;
				PRODUCT_BUNDLE_IDENTIFIER = com.GlucoHelpTests;
				PRODUCT_NAME = "$(TARGET_NAME)";
				SWIFT_EMIT_LOC_STRINGS = NO;
				SWIFT_VERSION = 5.0;
				TARGETED_DEVICE_FAMILY = "1,2";
				TEST_HOST = "$(BUILT_PRODUCTS_DIR)/GlucoHelp.app/$(BUNDLE_EXECUTABLE_FOLDER_PATH)/GlucoHelp";
			};
			name = Debug;
		};
		68DDCD072DD7BB3D00246176 /* Release */ = {
			isa = XCBuildConfiguration;
			buildSettings = {
				BUNDLE_LOADER = "$(TEST_HOST)";
				CODE_SIGN_STYLE = Automatic;
				CURRENT_PROJECT_VERSION = 1;
				DEVELOPMENT_TEAM = B2XYVC9TQF;
				GENERATE_INFOPLIST_FILE = YES;
				IPHONEOS_DEPLOYMENT_TARGET = 18.2;
				MARKETING_VERSION = 1.0;
				PRODUCT_BUNDLE_IDENTIFIER = com.GlucoHelpTests;
				PRODUCT_NAME = "$(TARGET_NAME)";
				SWIFT_EMIT_LOC_STRINGS = NO;
				SWIFT_VERSION = 5.0;
				TARGETED_DEVICE_FAMILY = "1,2";
				TEST_HOST = "$(BUILT_PRODUCTS_DIR)/GlucoHelp.app/$(BUNDLE_EXECUTABLE_FOLDER_PATH)/GlucoHelp";
			};
			name = Release;
		};
		68DDCD092DD7BB3D00246176 /* Debug */ = {
			isa = XCBuildConfiguration;
			buildSettings = {
				CODE_SIGN_STYLE = Automatic;
				CURRENT_PROJECT_VERSION = 1;
				DEVELOPMENT_TEAM = B2XYVC9TQF;
				GENERATE_INFOPLIST_FILE = YES;
				MARKETING_VERSION = 1.0;
				PRODUCT_BUNDLE_IDENTIFIER = com.GlucoHelpUITests;
				PRODUCT_NAME = "$(TARGET_NAME)";
				SWIFT_EMIT_LOC_STRINGS = NO;
				SWIFT_VERSION = 5.0;
				TARGETED_DEVICE_FAMILY = "1,2";
				TEST_TARGET_NAME = GlucoHelp;
			};
			name = Debug;
		};
		68DDCD0A2DD7BB3D00246176 /* Release */ = {
			isa = XCBuildConfiguration;
			buildSettings = {
				CODE_SIGN_STYLE = Automatic;
				CURRENT_PROJECT_VERSION = 1;
				DEVELOPMENT_TEAM = B2XYVC9TQF;
				GENERATE_INFOPLIST_FILE = YES;
				MARKETING_VERSION = 1.0;
				PRODUCT_BUNDLE_IDENTIFIER = com.GlucoHelpUITests;
				PRODUCT_NAME = "$(TARGET_NAME)";
				SWIFT_EMIT_LOC_STRINGS = NO;
				SWIFT_VERSION = 5.0;
				TARGETED_DEVICE_FAMILY = "1,2";
				TEST_TARGET_NAME = GlucoHelp;
			};
			name = Release;
		};
/* End XCBuildConfiguration section */

/* Begin XCConfigurationList section */
		68DDCCD72DD7BB3B00246176 /* Build configuration list for PBXProject "GlucoHelp" */ = {
			isa = XCConfigurationList;
			buildConfigurations = (
				68DDCD002DD7BB3D00246176 /* Debug */,
				68DDCD012DD7BB3D00246176 /* Release */,
			);
			defaultConfigurationIsVisible = 0;
			defaultConfigurationName = Release;
		};
		68DDCD022DD7BB3D00246176 /* Build configuration list for PBXNativeTarget "GlucoHelp" */ = {
			isa = XCConfigurationList;
			buildConfigurations = (
				68DDCD032DD7BB3D00246176 /* Debug */,
				68DDCD042DD7BB3D00246176 /* Release */,
			);
			defaultConfigurationIsVisible = 0;
			defaultConfigurationName = Release;
		};
		68DDCD052DD7BB3D00246176 /* Build configuration list for PBXNativeTarget "GlucoHelpTests" */ = {
			isa = XCConfigurationList;
			buildConfigurations = (
				68DDCD062DD7BB3D00246176 /* Debug */,
				68DDCD072DD7BB3D00246176 /* Release */,
			);
			defaultConfigurationIsVisible = 0;
			defaultConfigurationName = Release;
		};
		68DDCD082DD7BB3D00246176 /* Build configuration list for PBXNativeTarget "GlucoHelpUITests" */ = {
			isa = XCConfigurationList;
			buildConfigurations = (
				68DDCD092DD7BB3D00246176 /* Debug */,
				68DDCD0A2DD7BB3D00246176 /* Release */,
			);
			defaultConfigurationIsVisible = 0;
			defaultConfigurationName = Release;
		};
/* End XCConfigurationList section */
	};
	rootObject = 68DDCCD42DD7BB3B00246176 /* Project object */;
}
